
Microsoft Visual Studio Solution File, Format Version 12.00
# Visual Studio Version 17
VisualStudioVersion = 17.10.34928.147
MinimumVisualStudioVersion = 10.0.40219.1
Project("{9A19103F-16F7-4668-BE54-9A1E7A4F7556}") = "Ivirius.UI.Controls", "Ivirius.UI.Controls\Ivirius.UI.Controls.csproj", "{6BCDAAD6-C979-4408-A3AB-0D7F6D6CC1D5}"
EndProject
Project("{9A19103F-16F7-4668-BE54-9A1E7A4F7556}") = "Ivirius.UI.Controls.Test", "Ivirius.UI.Controls.Test\Ivirius.UI.Controls.Test.csproj", "{7D459FAC-3AAD-4E16-954D-D594FA6E5A22}"
EndProject
Global
	GlobalSection(SolutionConfigurationPlatforms) = preSolution
		Debug|Any CPU = Debug|Any CPU
		Debug|ARM = Debug|ARM
		Debug|ARM64 = Debug|ARM64
		Debug|x64 = Debug|x64
		Debug|x86 = Debug|x86
		Release|Any CPU = Release|Any CPU
		Release|ARM = Release|ARM
		Release|ARM64 = Release|ARM64
		Release|x64 = Release|x64
		Release|x86 = Release|x86
	EndGlobalSection
	GlobalSection(ProjectConfigurationPlatforms) = postSolution
		{6BCDAAD6-C979-4408-A3AB-0D7F6D6CC1D5}.Debug|Any CPU.ActiveCfg = Debug|Any CPU
		{6BCDAAD6-C979-4408-A3AB-0D7F6D6CC1D5}.Debug|Any CPU.Build.0 = Debug|Any CPU
		{6BCDAAD6-C979-4408-A3AB-0D7F6D6CC1D5}.Debug|ARM.ActiveCfg = Debug|Any CPU
		{6BCDAAD6-C979-4408-A3AB-0D7F6D6CC1D5}.Debug|ARM.Build.0 = Debug|Any CPU
		{6BCDAAD6-C979-4408-A3AB-0D7F6D6CC1D5}.Debug|ARM64.ActiveCfg = Debug|Any CPU
		{6BCDAAD6-C979-4408-A3AB-0D7F6D6CC1D5}.Debug|ARM64.Build.0 = Debug|Any CPU
		{6BCDAAD6-C979-4408-A3AB-0D7F6D6CC1D5}.Debug|x64.ActiveCfg = Debug|Any CPU
		{6BCDAAD6-C979-4408-A3AB-0D7F6D6CC1D5}.Debug|x64.Build.0 = Debug|Any CPU
		{6BCDAAD6-C979-4408-A3AB-0D7F6D6CC1D5}.Debug|x86.ActiveCfg = Debug|Any CPU
		{6BCDAAD6-C979-4408-A3AB-0D7F6D6CC1D5}.Debug|x86.Build.0 = Debug|Any CPU
		{6BCDAAD6-C979-4408-A3AB-0D7F6D6CC1D5}.Release|Any CPU.ActiveCfg = Release|Any CPU
		{6BCDAAD6-C979-4408-A3AB-0D7F6D6CC1D5}.Release|Any CPU.Build.0 = Release|Any CPU
		{6BCDAAD6-C979-4408-A3AB-0D7F6D6CC1D5}.Release|ARM.ActiveCfg = Release|Any CPU
		{6BCDAAD6-C979-4408-A3AB-0D7F6D6CC1D5}.Release|ARM.Build.0 = Release|Any CPU
		{6BCDAAD6-C979-4408-A3AB-0D7F6D6CC1D5}.Release|ARM64.ActiveCfg = Release|Any CPU
		{6BCDAAD6-C979-4408-A3AB-0D7F6D6CC1D5}.Release|ARM64.Build.0 = Release|Any CPU
		{6BCDAAD6-C979-4408-A3AB-0D7F6D6CC1D5}.Release|x64.ActiveCfg = Release|Any CPU
		{6BCDAAD6-C979-4408-A3AB-0D7F6D6CC1D5}.Release|x64.Build.0 = Release|Any CPU
		{6BCDAAD6-C979-4408-A3AB-0D7F6D6CC1D5}.Release|x86.ActiveCfg = Release|Any CPU
		{6BCDAAD6-C979-4408-A3AB-0D7F6D6CC1D5}.Release|x86.Build.0 = Release|Any CPU
		{7D459FAC-3AAD-4E16-954D-D594FA6E5A22}.Debug|Any CPU.ActiveCfg = Debug|x64
		{7D459FAC-3AAD-4E16-954D-D594FA6E5A22}.Debug|Any CPU.Build.0 = Debug|x64
		{7D459FAC-3AAD-4E16-954D-D594FA6E5A22}.Debug|Any CPU.Deploy.0 = Debug|x64
		{7D459FAC-3AAD-4E16-954D-D594FA6E5A22}.Debug|ARM.ActiveCfg = Debug|x64
		{7D459FAC-3AAD-4E16-954D-D594FA6E5A22}.Debug|ARM.Build.0 = Debug|x64
		{7D459FAC-3AAD-4E16-954D-D594FA6E5A22}.Debug|ARM.Deploy.0 = Debug|x64
		{7D459FAC-3AAD-4E16-954D-D594FA6E5A22}.Debug|ARM64.ActiveCfg = Debug|ARM64
		{7D459FAC-3AAD-4E16-954D-D594FA6E5A22}.Debug|ARM64.Build.0 = Debug|ARM64
		{7D459FAC-3AAD-4E16-954D-D594FA6E5A22}.Debug|ARM64.Deploy.0 = Debug|ARM64
		{7D459FAC-3AAD-4E16-954D-D594FA6E5A22}.Debug|x64.ActiveCfg = Debug|x64
		{7D459FAC-3AAD-4E16-954D-D594FA6E5A22}.Debug|x64.Build.0 = Debug|x64
		{7D459FAC-3AAD-4E16-954D-D594FA6E5A22}.Debug|x64.Deploy.0 = Debug|x64
		{7D459FAC-3AAD-4E16-954D-D594FA6E5A22}.Debug|x86.ActiveCfg = Debug|x86
		{7D459FAC-3AAD-4E16-954D-D594FA6E5A22}.Debug|x86.Build.0 = Debug|x86
		{7D459FAC-3AAD-4E16-954D-D594FA6E5A22}.Debug|x86.Deploy.0 = Debug|x86
		{7D459FAC-3AAD-4E16-954D-D594FA6E5A22}.Release|Any CPU.ActiveCfg = Release|x64
		{7D459FAC-3AAD-4E16-954D-D594FA6E5A22}.Release|Any CPU.Build.0 = Release|x64
		{7D459FAC-3AAD-4E16-954D-D594FA6E5A22}.Release|Any CPU.Deploy.0 = Release|x64
		{7D459FAC-3AAD-4E16-954D-D594FA6E5A22}.Release|ARM.ActiveCfg = Release|x64
		{7D459FAC-3AAD-4E16-954D-D594FA6E5A22}.Release|ARM.Build.0 = Release|x64
		{7D459FAC-3AAD-4E16-954D-D594FA6E5A22}.Release|ARM.Deploy.0 = Release|x64
		{7D459FAC-3AAD-4E16-954D-D594FA6E5A22}.Release|ARM64.ActiveCfg = Release|ARM64
		{7D459FAC-3AAD-4E16-954D-D594FA6E5A22}.Release|ARM64.Build.0 = Release|ARM64
		{7D459FAC-3AAD-4E16-954D-D594FA6E5A22}.Release|ARM64.Deploy.0 = Release|ARM64
		{7D459FAC-3AAD-4E16-954D-D594FA6E5A22}.Release|x64.ActiveCfg = Release|x64
		{7D459FAC-3AAD-4E16-954D-D594FA6E5A22}.Release|x64.Build.0 = Release|x64
		{7D459FAC-3AAD-4E16-954D-D594FA6E5A22}.Release|x64.Deploy.0 = Release|x64
		{7D459FAC-3AAD-4E16-954D-D594FA6E5A22}.Release|x86.ActiveCfg = Release|x86
		{7D459FAC-3AAD-4E16-954D-D594FA6E5A22}.Release|x86.Build.0 = Release|x86
		{7D459FAC-3AAD-4E16-954D-D594FA6E5A22}.Release|x86.Deploy.0 = Release|x86
	EndGlobalSection
	GlobalSection(SolutionProperties) = preSolution
		HideSolutionNode = FALSE
	EndGlobalSection
	GlobalSection(ExtensibilityGlobals) = postSolution
		SolutionGuid = {F927499A-2852-466E-BCD1-030CA0EC39F8}
	EndGlobalSection
EndGlobal
